
Microsoft Visual Studio Solution File, Format Version 12.00
# Visual Studio Version 16
VisualStudioVersion = 16.0.29102.190
MinimumVisualStudioVersion = 10.0.40219.1
Project("{FAE04EC0-301F-11D3-BF4B-00C04F79EFBC}") = "WebApplication17", "WebApplication17\WebApplication17.csproj", "{B720451F-C93C-47AF-9C53-D1AA2A7341CF}"
EndProject
Global
	GlobalSection(SolutionConfigurationPlatforms) = preSolution
		Debug|Any CPU = Debug|Any CPU
		Release|Any CPU = Release|Any CPU
	EndGlobalSection
	GlobalSection(ProjectConfigurationPlatforms) = postSolution
		{B720451F-C93C-47AF-9C53-D1AA2A7341CF}.Debug|Any CPU.ActiveCfg = Debug|Any CPU
		{B720451F-C93C-47AF-9C53-D1AA2A7341CF}.Debug|Any CPU.Build.0 = Debug|Any CPU
		{B720451F-C93C-47AF-9C53-D1AA2A7341CF}.Release|Any CPU.ActiveCfg = Release|Any CPU
		{B720451F-C93C-47AF-9C53-D1AA2A7341CF}.Release|Any CPU.Build.0 = Release|Any CPU
	EndGlobalSection
	GlobalSection(SolutionProperties) = preSolution
		HideSolutionNode = FALSE
	EndGlobalSection
	GlobalSection(ExtensibilityGlobals) = postSolution
		SolutionGuid = {BA4EA8B0-E103-4FA0-8583-59EB8BE05BF2}
	EndGlobalSection
EndGlobal
